PODS:
  - Alamofire (5.9.1)
  - ModelMapper (10.0.1):
    - ModelMapper/Core (= 10.0.1)
  - ModelMapper/Core (10.0.1)
  - Moya (14.0.0):
    - Moya/Core (= 14.0.0)
  - Moya-ModelMapper/Core (10.0.0):
    - ModelMapper (~> 10.0)
    - Moya (~> 14.0)
  - Moya-ModelMapper/RxSwift (10.0.0):
    - Moya-ModelMapper/Core
    - Moya/RxSwift (~> 14.0)
    - RxSwift
  - Moya/Core (14.0.0):
    - Alamofire (~> 5.0)
  - Moya/RxSwift (14.0.0):
    - Moya/Core
    - RxSwift (~> 5.0)
  - RxCocoa (5.1.3):
    - RxRelay (~> 5)
    - RxSwift (~> 5)
  - RxOptional (4.1.0):
    - RxCocoa (~> 5)
    - RxSwift (~> 5)
  - RxRelay (5.1.3):
    - RxSwift (~> 5)
  - RxSwift (5.1.3)

DEPENDENCIES:
  - Moya-ModelMapper/RxSwift
  - RxCocoa
  - RxOptional

SPEC REPOS:
  trunk:
    - Alamofire
    - ModelMapper
    - Moya
    - Moya-ModelMapper
    - RxCocoa
    - RxOptional
    - RxRelay
    - RxSwift

SPEC CHECKSUMS:
  Alamofire: f36a35757af4587d8e4f4bfa223ad10be2422b8c
  ModelMapper: 0f68dd4300d0e27290c70f66492c7f795da21bcf
  Moya: 5b45dacb75adb009f97fde91c204c1e565d31916
  Moya-ModelMapper: e3a478500921e7299804dc1ac550f1ebf3228ade
  RxCocoa: e2ed092d5432e4296aa818021d27de4090ac0354
  RxOptional: b1fcd60856807a564c0215c2184b8d33e7826dc2
  RxRelay: 5a18c2eb2d68326ebaf0112f80d837ae41b92b97
  RxSwift: 915abbdfb62214aa89ccd0b194d44fb478019b27

PODFILE CHECKSUM: f9433ac73906c10f38b1da5c5546b903497d2e57

COCOAPODS: 1.15.0
